{
  "nodes": {
    "flake-utils": {
      "inputs": {
        "systems": "systems"
      },
      "locked": {
        "lastModified": 1694529238,
        "narHash": "sha256-zsNZZGTGnMOf9YpHKJqMSsa0dXbfmxeoJ7xHlrt+xmY=",
        "owner": "numtide",
        "repo": "flake-utils",
        "rev": "ff7b65b44d01cf9ba6a71320833626af21126384",
        "type": "github"
      },
      "original": {
        "owner": "numtide",
        "repo": "flake-utils",
        "type": "github"
      }
    },
    "flake-utils_2": {
      "locked": {
        "lastModified": 1667395993,
        "narHash": "sha256-nuEHfE/LcWyuSWnS8t12N1wc105Qtau+/OdUAjtQ0rA=",
        "owner": "numtide",
        "repo": "flake-utils",
        "rev": "5aed5285a952e0b949eb3ba02c12fa4fcfef535f",
        "type": "github"
      },
      "original": {
        "owner": "numtide",
        "repo": "flake-utils",
        "type": "github"
      }
    },
    "gopher-nvim-src": {
      "flake": false,
      "locked": {
        "lastModified": 1683471386,
        "narHash": "sha256-GeMvWb/5/e9TMycPNKS+ZvY8ODiWJA7wvP5wan+9CL4=",
        "owner": "olexsmir",
        "repo": "gopher.nvim",
        "rev": "03cabf675ce129c28bd855969a3e569edcf63366",
        "type": "github"
      },
      "original": {
        "owner": "olexsmir",
        "repo": "gopher.nvim",
        "type": "github"
      }
    },
    "home-manager": {
      "inputs": {
        "nixpkgs": [
          "nixpkgs"
        ]
      },
      "locked": {
        "lastModified": 1696371324,
        "narHash": "sha256-0ycIheYRxzPOL9XBWiAm/af9cqRmsiy701OpjsRsKiw=",
        "owner": "nix-community",
        "repo": "home-manager",
        "rev": "e63c30fe9792b57dea1eab98be6871a0e42a33c9",
        "type": "github"
      },
      "original": {
        "owner": "nix-community",
        "repo": "home-manager",
        "type": "github"
      }
    },
    "neovim": {
      "inputs": {
        "flake-utils": "flake-utils",
        "gopher-nvim-src": "gopher-nvim-src",
        "neovim": "neovim_2",
        "nixpkgs": [
          "nixpkgs"
        ],
        "org-bullets-nvim-src": "org-bullets-nvim-src"
      },
      "locked": {
        "dirtyRev": "8d8e08dec39cfddf176ab4fdca68f5b243fcf63d-dirty",
        "dirtyShortRev": "8d8e08d-dirty",
        "lastModified": 1696396448,
        "narHash": "sha256-CL8EtRguoVhzkqqpIqFebeDyDDlVc0aIb4Db9ZknYWo=",
        "type": "git",
        "url": "file:/home/odie/Code/nix/neovim"
      },
      "original": {
        "type": "git",
        "url": "file:/home/odie/Code/nix/neovim"
      }
    },
    "neovim_2": {
      "inputs": {
        "flake-utils": "flake-utils_2",
        "nixpkgs": [
          "neovim",
          "nixpkgs"
        ]
      },
      "locked": {
        "dir": "contrib",
        "lastModified": 1696309623,
        "narHash": "sha256-/3RzN/2FumegeZh/iLWZlqYef4nMFJy2kLrOAqP6nao=",
        "owner": "neovim",
        "repo": "neovim",
        "rev": "3af59a415c98afc42755308e56912b302ad5eb3d",
        "type": "github"
      },
      "original": {
        "dir": "contrib",
        "owner": "neovim",
        "ref": "nightly",
        "repo": "neovim",
        "type": "github"
      }
    },
    "nixpkgs": {
      "locked": {
        "lastModified": 1696193975,
        "narHash": "sha256-mnQjUcYgp9Guu3RNVAB2Srr1TqKcPpRXmJf4LJk6KRY=",
        "owner": "NixOS",
        "repo": "nixpkgs",
        "rev": "fdd898f8f79e8d2f99ed2ab6b3751811ef683242",
        "type": "github"
      },
      "original": {
        "owner": "NixOS",
        "ref": "nixos-unstable",
        "repo": "nixpkgs",
        "type": "github"
      }
    },
    "org-bullets-nvim-src": {
      "flake": false,
      "locked": {
        "lastModified": 1679902360,
        "narHash": "sha256-x6S4WdgfUr7HGEHToSDy3pSHEwOPQalzWhBUipqMtnw=",
        "owner": "akinsho",
        "repo": "org-bullets.nvim",
        "rev": "6e0d60e901bb939eb526139cb1f8d59065132fd9",
        "type": "github"
      },
      "original": {
        "owner": "akinsho",
        "repo": "org-bullets.nvim",
        "type": "github"
      }
    },
    "root": {
      "inputs": {
        "home-manager": "home-manager",
        "neovim": "neovim",
        "nixpkgs": "nixpkgs"
      }
    },
    "systems": {
      "locked": {
        "lastModified": 1681028828,
        "narHash": "sha256-Vy1rq5AaRuLzOxct8nz4T6wlgyUR7zLU309k9mBC768=",
        "owner": "nix-systems",
        "repo": "default",
        "rev": "da67096a3b9bf56a91d16901293e51ba5b49a27e",
        "type": "github"
      },
      "original": {
        "owner": "nix-systems",
        "repo": "default",
        "type": "github"
      }
    }
  },
  "root": "root",
  "version": 7
}
